// !$*UTF8*$!
{
	archiveVersion = 1;
	classes = {
	};
	objectVersion = 54;
	objects = {

/* Begin PBXBuildFile section */
		0C80B921A6F3F58F76C31292 /* libPods-OonloopVendor.a in Frameworks */ = {isa = PBXBuildFile; fileRef = 5DCACB8F33CDC322A6C60F78 /* libPods-OonloopVendor.a */; };
		13B07FBF1A68108700A75B9A /* Images.xcassets in Resources */ = {isa = PBXBuildFile; fileRef = 13B07FB51A68108700A75B9A /* Images.xcassets */; };
		761780ED2CA45674006654EE /* AppDelegate.swift in Sources */ = {isa = PBXBuildFile; fileRef = 761780EC2CA45674006654EE /* AppDelegate.swift */; };
		81AB9BB82411601600AC10FF /* LaunchScreen.storyboard in Resources */ = {isa = PBXBuildFile; fileRef = 81AB9BB72411601600AC10FF /* LaunchScreen.storyboard */; };
		3348104ABF0047E7AFFEF7C9 /* Inter_18pt-Black.ttf in Resources */ = {isa = PBXBuildFile; fileRef = 59F3FEF6B07D42A1AF54F61B /* Inter_18pt-Black.ttf */; };
		E6BD6E97DF914499A327EFA8 /* Inter_18pt-BlackItalic.ttf in Resources */ = {isa = PBXBuildFile; fileRef = A572E855A2A142BA82EF547B /* Inter_18pt-BlackItalic.ttf */; };
		B6024415FAD74325B9A40B33 /* Inter_18pt-Bold.ttf in Resources */ = {isa = PBXBuildFile; fileRef = 614506E38AEB46A6BFA0240A /* Inter_18pt-Bold.ttf */; };
		01F1CCAB05B4445FB1B325DF /* Inter_18pt-BoldItalic.ttf in Resources */ = {isa = PBXBuildFile; fileRef = 061F604A22C34AC99A2FBC8F /* Inter_18pt-BoldItalic.ttf */; };
		9258222733A2409E975291E9 /* Inter_18pt-ExtraBold.ttf in Resources */ = {isa = PBXBuildFile; fileRef = AD7966A05464475B8D5CED10 /* Inter_18pt-ExtraBold.ttf */; };
		F187FF52BDBA456CB239FDC5 /* Inter_18pt-ExtraBoldItalic.ttf in Resources */ = {isa = PBXBuildFile; fileRef = 58B6E012F0B0455E84497AEF /* Inter_18pt-ExtraBoldItalic.ttf */; };
		78BC02B8455D48F9BEFEB453 /* Inter_18pt-ExtraLight.ttf in Resources */ = {isa = PBXBuildFile; fileRef = 98BEF8254A13438BB4844DA4 /* Inter_18pt-ExtraLight.ttf */; };
		2820F5D199854089A51F210C /* Inter_18pt-ExtraLightItalic.ttf in Resources */ = {isa = PBXBuildFile; fileRef = 567A23F1B92946388EFBA30D /* Inter_18pt-ExtraLightItalic.ttf */; };
		5811BAB0F2CE40B0822F0225 /* Inter_18pt-Italic.ttf in Resources */ = {isa = PBXBuildFile; fileRef = 9486A458D55E4411A71CF6EF /* Inter_18pt-Italic.ttf */; };
		6F068608260B40EAB4331062 /* Inter_18pt-Light.ttf in Resources */ = {isa = PBXBuildFile; fileRef = 009845A570804A38AA2AA40E /* Inter_18pt-Light.ttf */; };
		6139202BCCCB414BA75C813C /* Inter_18pt-LightItalic.ttf in Resources */ = {isa = PBXBuildFile; fileRef = 995DC5ADC09A4697A23F5A9F /* Inter_18pt-LightItalic.ttf */; };
		327797FFF4AA45A9B9DD1F63 /* Inter_18pt-Medium.ttf in Resources */ = {isa = PBXBuildFile; fileRef = 7E0D092AB56F4989975053DD /* Inter_18pt-Medium.ttf */; };
		0F6892785F3A45BC961B315F /* Inter_18pt-MediumItalic.ttf in Resources */ = {isa = PBXBuildFile; fileRef = A2F9A372CE8444DAB2C8B00E /* Inter_18pt-MediumItalic.ttf */; };
		F90C548A43534CAFB6E695CC /* Inter_18pt-Regular.ttf in Resources */ = {isa = PBXBuildFile; fileRef = CA4CCE2738DE47EEA6D7038F /* Inter_18pt-Regular.ttf */; };
		41D649BAC6FE40D3A03643FD /* Inter_18pt-SemiBold.ttf in Resources */ = {isa = PBXBuildFile; fileRef = 47B890B3C3E64D23A5917988 /* Inter_18pt-SemiBold.ttf */; };
		09A353F3356A4970AB8506F8 /* Inter_18pt-SemiBoldItalic.ttf in Resources */ = {isa = PBXBuildFile; fileRef = 0469F2CF89D54B56890A82AE /* Inter_18pt-SemiBoldItalic.ttf */; };
		A481DB7AB25C49DFA9C91C63 /* Inter_18pt-Thin.ttf in Resources */ = {isa = PBXBuildFile; fileRef = E0C4555A9CB24F62B1410BB4 /* Inter_18pt-Thin.ttf */; };
		837EFA1AA6C34F0380263C06 /* Inter_18pt-ThinItalic.ttf in Resources */ = {isa = PBXBuildFile; fileRef = 399E98C84D244F7CBA176B8E /* Inter_18pt-ThinItalic.ttf */; };
		360EF9A8766449E794D2BE36 /* Inter_24pt-Black.ttf in Resources */ = {isa = PBXBuildFile; fileRef = C6F315FA432C4D8083E42D28 /* Inter_24pt-Black.ttf */; };
		DBB414D7753D4655AE493F9E /* Inter_24pt-BlackItalic.ttf in Resources */ = {isa = PBXBuildFile; fileRef = F37A4451A6F14324A666F946 /* Inter_24pt-BlackItalic.ttf */; };
		AAE04793274840DBA6820F6A /* Inter_24pt-Bold.ttf in Resources */ = {isa = PBXBuildFile; fileRef = 25BC0566607F454E9A9D4A1E /* Inter_24pt-Bold.ttf */; };
		82C8036DCD0A44CBAA10F109 /* Inter_24pt-BoldItalic.ttf in Resources */ = {isa = PBXBuildFile; fileRef = 80049E65FF0B44A88F667DA8 /* Inter_24pt-BoldItalic.ttf */; };
		69239FE2148843ADB40C3FED /* Inter_24pt-ExtraBold.ttf in Resources */ = {isa = PBXBuildFile; fileRef = 7ECA694ADB894E25B6F13B2F /* Inter_24pt-ExtraBold.ttf */; };
		0DC4CAA3126A4D63953A620C /* Inter_24pt-ExtraBoldItalic.ttf in Resources */ = {isa = PBXBuildFile; fileRef = 19D658CFB4CC4377933B1F77 /* Inter_24pt-ExtraBoldItalic.ttf */; };
		4213324D9F4748888D789F58 /* Inter_24pt-ExtraLight.ttf in Resources */ = {isa = PBXBuildFile; fileRef = B1562148974C427D8952C4D4 /* Inter_24pt-ExtraLight.ttf */; };
		EE90C911D5C74F68BD576618 /* Inter_24pt-ExtraLightItalic.ttf in Resources */ = {isa = PBXBuildFile; fileRef = 8A48253866AD461198558B1B /* Inter_24pt-ExtraLightItalic.ttf */; };
		E96C616EB9FF48219D31F156 /* Inter_24pt-Italic.ttf in Resources */ = {isa = PBXBuildFile; fileRef = DA19A3965F1348578F416AA6 /* Inter_24pt-Italic.ttf */; };
		4E11C764790E43859AC21227 /* Inter_24pt-Light.ttf in Resources */ = {isa = PBXBuildFile; fileRef = 379C5D2C771744BABA8F3A89 /* Inter_24pt-Light.ttf */; };
		24AAF0B409D4432DA79CCD5D /* Inter_24pt-LightItalic.ttf in Resources */ = {isa = PBXBuildFile; fileRef = 2A662B130E8C4F8BAB15C3FE /* Inter_24pt-LightItalic.ttf */; };
		3890E6B3A0A04CE49C0DDE61 /* Inter_24pt-Medium.ttf in Resources */ = {isa = PBXBuildFile; fileRef = 240D0B619D824E07ACA9933B /* Inter_24pt-Medium.ttf */; };
		7969CE9C992F45F4AD1C9719 /* Inter_24pt-MediumItalic.ttf in Resources */ = {isa = PBXBuildFile; fileRef = FC98A4AD638E4590A76482B3 /* Inter_24pt-MediumItalic.ttf */; };
		C22E5B8C8CE346EBB48AD337 /* Inter_24pt-Regular.ttf in Resources */ = {isa = PBXBuildFile; fileRef = 82251C68F35C42408B7244BF /* Inter_24pt-Regular.ttf */; };
		7F0ED26D4608419286EB16F3 /* Inter_24pt-SemiBold.ttf in Resources */ = {isa = PBXBuildFile; fileRef = B777B67C99444824896B9AAF /* Inter_24pt-SemiBold.ttf */; };
		142CEEA9A5F64B40817D3767 /* Inter_24pt-SemiBoldItalic.ttf in Resources */ = {isa = PBXBuildFile; fileRef = 5BE7AFB0DEB64D57A5A0363B /* Inter_24pt-SemiBoldItalic.ttf */; };
		764FAA7BD926426B863809E6 /* Inter_24pt-Thin.ttf in Resources */ = {isa = PBXBuildFile; fileRef = 86DC1A632AA447B5A0F01B21 /* Inter_24pt-Thin.ttf */; };
		AA62CA46C130490F94306E8A /* Inter_24pt-ThinItalic.ttf in Resources */ = {isa = PBXBuildFile; fileRef = 0C7B28F9211343C188EE41A5 /* Inter_24pt-ThinItalic.ttf */; };
		AA5030EDE1EE4EB7BBAB392C /* Inter_28pt-Black.ttf in Resources */ = {isa = PBXBuildFile; fileRef = 436DAA2D682840C88D3D67AC /* Inter_28pt-Black.ttf */; };
		D0481B72D0EB43A89FBEEC7B /* Inter_28pt-BlackItalic.ttf in Resources */ = {isa = PBXBuildFile; fileRef = 4062D2B8FD4849948E508C1A /* Inter_28pt-BlackItalic.ttf */; };
		B50D9DE697964EED9B3DFF0C /* Inter_28pt-Bold.ttf in Resources */ = {isa = PBXBuildFile; fileRef = 8380A63B4A924305A829AFBC /* Inter_28pt-Bold.ttf */; };
		798B2A71D43E4C23BF14D05F /* Inter_28pt-BoldItalic.ttf in Resources */ = {isa = PBXBuildFile; fileRef = E24F0AD5FCB640D58483609B /* Inter_28pt-BoldItalic.ttf */; };
		2AF74AD0E83B4A42A4FDDCF7 /* Inter_28pt-ExtraBold.ttf in Resources */ = {isa = PBXBuildFile; fileRef = 7D534723C8A64F4A9CDC9C5E /* Inter_28pt-ExtraBold.ttf */; };
		9EE704B5EBE34B22A18EFD33 /* Inter_28pt-ExtraBoldItalic.ttf in Resources */ = {isa = PBXBuildFile; fileRef = BEA2B2B655514FF7B324DD08 /* Inter_28pt-ExtraBoldItalic.ttf */; };
		A094A63C6A8B4C41BF68841B /* Inter_28pt-ExtraLight.ttf in Resources */ = {isa = PBXBuildFile; fileRef = 1ADB4CFF2EFA47A4A4810D63 /* Inter_28pt-ExtraLight.ttf */; };
		509D6DF81FA84E3E91F93E6B /* Inter_28pt-ExtraLightItalic.ttf in Resources */ = {isa = PBXBuildFile; fileRef = 1BC38DD4BABB4A71824555B0 /* Inter_28pt-ExtraLightItalic.ttf */; };
		9EA66C6AA87D4F558D9C7178 /* Inter_28pt-Italic.ttf in Resources */ = {isa = PBXBuildFile; fileRef = 3AA582751E4A4F38855BDB82 /* Inter_28pt-Italic.ttf */; };
		6064293DBFF3409597BB0128 /* Inter_28pt-Light.ttf in Resources */ = {isa = PBXBuildFile; fileRef = 61DDF8B4A878452596EC89AF /* Inter_28pt-Light.ttf */; };
		C01E744AB8DF4893B60E60AF /* Inter_28pt-LightItalic.ttf in Resources */ = {isa = PBXBuildFile; fileRef = 52ED12833FCA465AB5CD1F4C /* Inter_28pt-LightItalic.ttf */; };
		24D4EBCB3511414B82574C9C /* Inter_28pt-Medium.ttf in Resources */ = {isa = PBXBuildFile; fileRef = E34615FB4B86451391680239 /* Inter_28pt-Medium.ttf */; };
		D9B95935D9654BA5A035E6DC /* Inter_28pt-MediumItalic.ttf in Resources */ = {isa = PBXBuildFile; fileRef = EC5C94212C9E497E91B4E55A /* Inter_28pt-MediumItalic.ttf */; };
		67C0F112D93145EEADB128CC /* Inter_28pt-Regular.ttf in Resources */ = {isa = PBXBuildFile; fileRef = F3392E3D5EDF43E5B77EB4CD /* Inter_28pt-Regular.ttf */; };
		5CEEBCE5B7E347FFBB1D2647 /* Inter_28pt-SemiBold.ttf in Resources */ = {isa = PBXBuildFile; fileRef = 8753FC77696B49F0B77A0444 /* Inter_28pt-SemiBold.ttf */; };
		280F53886EF14A22A40D6306 /* Inter_28pt-SemiBoldItalic.ttf in Resources */ = {isa = PBXBuildFile; fileRef = C81C3817E05F473897715A21 /* Inter_28pt-SemiBoldItalic.ttf */; };
		C26CEEE18D064E1DBBBC35CB /* Inter_28pt-Thin.ttf in Resources */ = {isa = PBXBuildFile; fileRef = 5D5F418557CF41648CCCC934 /* Inter_28pt-Thin.ttf */; };
		C849344A01C04947A204074B /* Inter_28pt-ThinItalic.ttf in Resources */ = {isa = PBXBuildFile; fileRef = 6BE961BC07CB4891B2D7B81B /* Inter_28pt-ThinItalic.ttf */; };
		CB392E15D75A4081B46A6605 /* OonloopPrivacyPolicy.docx in Resources */ = {isa = PBXBuildFile; fileRef = 8E525FB65B2848009824DE85 /* OonloopPrivacyPolicy.docx */; };
		9D951E2EB74843F6A2522113 /* OonloopPrivacyPolicy1.pdf in Resources */ = {isa = PBXBuildFile; fileRef = C29FD75160534E878DE3CAF5 /* OonloopPrivacyPolicy1.pdf */; };
		A9AE18D007B84713BD21B204 /* OonloopTCFinal.docx in Resources */ = {isa = PBXBuildFile; fileRef = 5F04EB367EFC4E35A343C9CB /* OonloopTCFinal.docx */; };
		FB7A6EFC993C4ECBB2931198 /* OonloopTCFinal1.pdf in Resources */ = {isa = PBXBuildFile; fileRef = B1D2A20AF7704A94A11BCEB1 /* OonloopTCFinal1.pdf */; };
/* End PBXBuildFile section */

/* Begin PBXFileReference section */
		13B07F961A680F5B00A75B9A /* OonloopVendor.app */ = {isa = PBXFileReference; explicitFileType = wrapper.application; includeInIndex = 0; path = OonloopVendor.app; sourceTree = BUILT_PRODUCTS_DIR; };
		13B07FB51A68108700A75B9A /* Images.xcassets */ = {isa = PBXFileReference; lastKnownFileType = folder.assetcatalog; name = Images.xcassets; path = OonloopVendor/Images.xcassets; sourceTree = "<group>"; };
		13B07FB61A68108700A75B9A /* Info.plist */ = {isa = PBXFileReference; fileEncoding = 4; lastKnownFileType = text.plist.xml; name = Info.plist; path = OonloopVendor/Info.plist; sourceTree = "<group>"; };
		13B07FB81A68108700A75B9A /* PrivacyInfo.xcprivacy */ = {isa = PBXFileReference; fileEncoding = 4; lastKnownFileType = text.plist.xml; name = PrivacyInfo.xcprivacy; path = OonloopVendor/PrivacyInfo.xcprivacy; sourceTree = "<group>"; };
		3B4392A12AC88292D35C810B /* Pods-OonloopVendor.debug.xcconfig */ = {isa = PBXFileReference; includeInIndex = 1; lastKnownFileType = text.xcconfig; name = "Pods-OonloopVendor.debug.xcconfig"; path = "Target Support Files/Pods-OonloopVendor/Pods-OonloopVendor.debug.xcconfig"; sourceTree = "<group>"; };
		5709B34CF0A7D63546082F79 /* Pods-OonloopVendor.release.xcconfig */ = {isa = PBXFileReference; includeInIndex = 1; lastKnownFileType = text.xcconfig; name = "Pods-OonloopVendor.release.xcconfig"; path = "Target Support Files/Pods-OonloopVendor/Pods-OonloopVendor.release.xcconfig"; sourceTree = "<group>"; };
		5DCACB8F33CDC322A6C60F78 /* libPods-OonloopVendor.a */ = {isa = PBXFileReference; explicitFileType = archive.ar; includeInIndex = 0; path = "libPods-OonloopVendor.a"; sourceTree = BUILT_PRODUCTS_DIR; };
		761780EC2CA45674006654EE /* AppDelegate.swift */ = {isa = PBXFileReference; lastKnownFileType = sourcecode.swift; name = AppDelegate.swift; path = OonloopVendor/AppDelegate.swift; sourceTree = "<group>"; };
		81AB9BB72411601600AC10FF /* LaunchScreen.storyboard */ = {isa = PBXFileReference; fileEncoding = 4; lastKnownFileType = file.storyboard; name = LaunchScreen.storyboard; path = OonloopVendor/LaunchScreen.storyboard; sourceTree = "<group>"; };
		ED297162215061F000B7C4FE /* JavaScriptCore.framework */ = {isa = PBXFileReference; lastKnownFileType = wrapper.framework; name = JavaScriptCore.framework; path = System/Library/Frameworks/JavaScriptCore.framework; sourceTree = SDKROOT; };
		59F3FEF6B07D42A1AF54F61B /* Inter_18pt-Black.ttf */ = {isa = PBXFileReference; name = "Inter_18pt-Black.ttf"; path = "../src/Assets/Fonts/static/Inter_18pt-Black.ttf"; sourceTree = "<group>"; fileEncoding = undefined; lastKnownFileType = unknown; explicitFileType = undefined; includeInIndex = 0; };
		A572E855A2A142BA82EF547B /* Inter_18pt-BlackItalic.ttf */ = {isa = PBXFileReference; name = "Inter_18pt-BlackItalic.ttf"; path = "../src/Assets/Fonts/static/Inter_18pt-BlackItalic.ttf"; sourceTree = "<group>"; fileEncoding = undefined; lastKnownFileType = unknown; explicitFileType = undefined; includeInIndex = 0; };
		614506E38AEB46A6BFA0240A /* Inter_18pt-Bold.ttf */ = {isa = PBXFileReference; name = "Inter_18pt-Bold.ttf"; path = "../src/Assets/Fonts/static/Inter_18pt-Bold.ttf"; sourceTree = "<group>"; fileEncoding = undefined; lastKnownFileType = unknown; explicitFileType = undefined; includeInIndex = 0; };
		061F604A22C34AC99A2FBC8F /* Inter_18pt-BoldItalic.ttf */ = {isa = PBXFileReference; name = "Inter_18pt-BoldItalic.ttf"; path = "../src/Assets/Fonts/static/Inter_18pt-BoldItalic.ttf"; sourceTree = "<group>"; fileEncoding = undefined; lastKnownFileType = unknown; explicitFileType = undefined; includeInIndex = 0; };
		AD7966A05464475B8D5CED10 /* Inter_18pt-ExtraBold.ttf */ = {isa = PBXFileReference; name = "Inter_18pt-ExtraBold.ttf"; path = "../src/Assets/Fonts/static/Inter_18pt-ExtraBold.ttf"; sourceTree = "<group>"; fileEncoding = undefined; lastKnownFileType = unknown; explicitFileType = undefined; includeInIndex = 0; };
		58B6E012F0B0455E84497AEF /* Inter_18pt-ExtraBoldItalic.ttf */ = {isa = PBXFileReference; name = "Inter_18pt-ExtraBoldItalic.ttf"; path = "../src/Assets/Fonts/static/Inter_18pt-ExtraBoldItalic.ttf"; sourceTree = "<group>"; fileEncoding = undefined; lastKnownFileType = unknown; explicitFileType = undefined; includeInIndex = 0; };
		98BEF8254A13438BB4844DA4 /* Inter_18pt-ExtraLight.ttf */ = {isa = PBXFileReference; name = "Inter_18pt-ExtraLight.ttf"; path = "../src/Assets/Fonts/static/Inter_18pt-ExtraLight.ttf"; sourceTree = "<group>"; fileEncoding = undefined; lastKnownFileType = unknown; explicitFileType = undefined; includeInIndex = 0; };
		567A23F1B92946388EFBA30D /* Inter_18pt-ExtraLightItalic.ttf */ = {isa = PBXFileReference; name = "Inter_18pt-ExtraLightItalic.ttf"; path = "../src/Assets/Fonts/static/Inter_18pt-ExtraLightItalic.ttf"; sourceTree = "<group>"; fileEncoding = undefined; lastKnownFileType = unknown; explicitFileType = undefined; includeInIndex = 0; };
		9486A458D55E4411A71CF6EF /* Inter_18pt-Italic.ttf */ = {isa = PBXFileReference; name = "Inter_18pt-Italic.ttf"; path = "../src/Assets/Fonts/static/Inter_18pt-Italic.ttf"; sourceTree = "<group>"; fileEncoding = undefined; lastKnownFileType = unknown; explicitFileType = undefined; includeInIndex = 0; };
		009845A570804A38AA2AA40E /* Inter_18pt-Light.ttf */ = {isa = PBXFileReference; name = "Inter_18pt-Light.ttf"; path = "../src/Assets/Fonts/static/Inter_18pt-Light.ttf"; sourceTree = "<group>"; fileEncoding = undefined; lastKnownFileType = unknown; explicitFileType = undefined; includeInIndex = 0; };
		995DC5ADC09A4697A23F5A9F /* Inter_18pt-LightItalic.ttf */ = {isa = PBXFileReference; name = "Inter_18pt-LightItalic.ttf"; path = "../src/Assets/Fonts/static/Inter_18pt-LightItalic.ttf"; sourceTree = "<group>"; fileEncoding = undefined; lastKnownFileType = unknown; explicitFileType = undefined; includeInIndex = 0; };
		7E0D092AB56F4989975053DD /* Inter_18pt-Medium.ttf */ = {isa = PBXFileReference; name = "Inter_18pt-Medium.ttf"; path = "../src/Assets/Fonts/static/Inter_18pt-Medium.ttf"; sourceTree = "<group>"; fileEncoding = undefined; lastKnownFileType = unknown; explicitFileType = undefined; includeInIndex = 0; };
		A2F9A372CE8444DAB2C8B00E /* Inter_18pt-MediumItalic.ttf */ = {isa = PBXFileReference; name = "Inter_18pt-MediumItalic.ttf"; path = "../src/Assets/Fonts/static/Inter_18pt-MediumItalic.ttf"; sourceTree = "<group>"; fileEncoding = undefined; lastKnownFileType = unknown; explicitFileType = undefined; includeInIndex = 0; };
		CA4CCE2738DE47EEA6D7038F /* Inter_18pt-Regular.ttf */ = {isa = PBXFileReference; name = "Inter_18pt-Regular.ttf"; path = "../src/Assets/Fonts/static/Inter_18pt-Regular.ttf"; sourceTree = "<group>"; fileEncoding = undefined; lastKnownFileType = unknown; explicitFileType = undefined; includeInIndex = 0; };
		47B890B3C3E64D23A5917988 /* Inter_18pt-SemiBold.ttf */ = {isa = PBXFileReference; name = "Inter_18pt-SemiBold.ttf"; path = "../src/Assets/Fonts/static/Inter_18pt-SemiBold.ttf"; sourceTree = "<group>"; fileEncoding = undefined; lastKnownFileType = unknown; explicitFileType = undefined; includeInIndex = 0; };
		0469F2CF89D54B56890A82AE /* Inter_18pt-SemiBoldItalic.ttf */ = {isa = PBXFileReference; name = "Inter_18pt-SemiBoldItalic.ttf"; path = "../src/Assets/Fonts/static/Inter_18pt-SemiBoldItalic.ttf"; sourceTree = "<group>"; fileEncoding = undefined; lastKnownFileType = unknown; explicitFileType = undefined; includeInIndex = 0; };
		E0C4555A9CB24F62B1410BB4 /* Inter_18pt-Thin.ttf */ = {isa = PBXFileReference; name = "Inter_18pt-Thin.ttf"; path = "../src/Assets/Fonts/static/Inter_18pt-Thin.ttf"; sourceTree = "<group>"; fileEncoding = undefined; lastKnownFileType = unknown; explicitFileType = undefined; includeInIndex = 0; };
		399E98C84D244F7CBA176B8E /* Inter_18pt-ThinItalic.ttf */ = {isa = PBXFileReference; name = "Inter_18pt-ThinItalic.ttf"; path = "../src/Assets/Fonts/static/Inter_18pt-ThinItalic.ttf"; sourceTree = "<group>"; fileEncoding = undefined; lastKnownFileType = unknown; explicitFileType = undefined; includeInIndex = 0; };
		C6F315FA432C4D8083E42D28 /* Inter_24pt-Black.ttf */ = {isa = PBXFileReference; name = "Inter_24pt-Black.ttf"; path = "../src/Assets/Fonts/static/Inter_24pt-Black.ttf"; sourceTree = "<group>"; fileEncoding = undefined; lastKnownFileType = unknown; explicitFileType = undefined; includeInIndex = 0; };
		F37A4451A6F14324A666F946 /* Inter_24pt-BlackItalic.ttf */ = {isa = PBXFileReference; name = "Inter_24pt-BlackItalic.ttf"; path = "../src/Assets/Fonts/static/Inter_24pt-BlackItalic.ttf"; sourceTree = "<group>"; fileEncoding = undefined; lastKnownFileType = unknown; explicitFileType = undefined; includeInIndex = 0; };
		25BC0566607F454E9A9D4A1E /* Inter_24pt-Bold.ttf */ = {isa = PBXFileReference; name = "Inter_24pt-Bold.ttf"; path = "../src/Assets/Fonts/static/Inter_24pt-Bold.ttf"; sourceTree = "<group>"; fileEncoding = undefined; lastKnownFileType = unknown; explicitFileType = undefined; includeInIndex = 0; };
		80049E65FF0B44A88F667DA8 /* Inter_24pt-BoldItalic.ttf */ = {isa = PBXFileReference; name = "Inter_24pt-BoldItalic.ttf"; path = "../src/Assets/Fonts/static/Inter_24pt-BoldItalic.ttf"; sourceTree = "<group>"; fileEncoding = undefined; lastKnownFileType = unknown; explicitFileType = undefined; includeInIndex = 0; };
		7ECA694ADB894E25B6F13B2F /* Inter_24pt-ExtraBold.ttf */ = {isa = PBXFileReference; name = "Inter_24pt-ExtraBold.ttf"; path = "../src/Assets/Fonts/static/Inter_24pt-ExtraBold.ttf"; sourceTree = "<group>"; fileEncoding = undefined; lastKnownFileType = unknown; explicitFileType = undefined; includeInIndex = 0; };
		19D658CFB4CC4377933B1F77 /* Inter_24pt-ExtraBoldItalic.ttf */ = {isa = PBXFileReference; name = "Inter_24pt-ExtraBoldItalic.ttf"; path = "../src/Assets/Fonts/static/Inter_24pt-ExtraBoldItalic.ttf"; sourceTree = "<group>"; fileEncoding = undefined; lastKnownFileType = unknown; explicitFileType = undefined; includeInIndex = 0; };
		B1562148974C427D8952C4D4 /* Inter_24pt-ExtraLight.ttf */ = {isa = PBXFileReference; name = "Inter_24pt-ExtraLight.ttf"; path = "../src/Assets/Fonts/static/Inter_24pt-ExtraLight.ttf"; sourceTree = "<group>"; fileEncoding = undefined; lastKnownFileType = unknown; explicitFileType = undefined; includeInIndex = 0; };
		8A48253866AD461198558B1B /* Inter_24pt-ExtraLightItalic.ttf */ = {isa = PBXFileReference; name = "Inter_24pt-ExtraLightItalic.ttf"; path = "../src/Assets/Fonts/static/Inter_24pt-ExtraLightItalic.ttf"; sourceTree = "<group>"; fileEncoding = undefined; lastKnownFileType = unknown; explicitFileType = undefined; includeInIndex = 0; };
		DA19A3965F1348578F416AA6 /* Inter_24pt-Italic.ttf */ = {isa = PBXFileReference; name = "Inter_24pt-Italic.ttf"; path = "../src/Assets/Fonts/static/Inter_24pt-Italic.ttf"; sourceTree = "<group>"; fileEncoding = undefined; lastKnownFileType = unknown; explicitFileType = undefined; includeInIndex = 0; };
		379C5D2C771744BABA8F3A89 /* Inter_24pt-Light.ttf */ = {isa = PBXFileReference; name = "Inter_24pt-Light.ttf"; path = "../src/Assets/Fonts/static/Inter_24pt-Light.ttf"; sourceTree = "<group>"; fileEncoding = undefined; lastKnownFileType = unknown; explicitFileType = undefined; includeInIndex = 0; };
		2A662B130E8C4F8BAB15C3FE /* Inter_24pt-LightItalic.ttf */ = {isa = PBXFileReference; name = "Inter_24pt-LightItalic.ttf"; path = "../src/Assets/Fonts/static/Inter_24pt-LightItalic.ttf"; sourceTree = "<group>"; fileEncoding = undefined; lastKnownFileType = unknown; explicitFileType = undefined; includeInIndex = 0; };
		240D0B619D824E07ACA9933B /* Inter_24pt-Medium.ttf */ = {isa = PBXFileReference; name = "Inter_24pt-Medium.ttf"; path = "../src/Assets/Fonts/static/Inter_24pt-Medium.ttf"; sourceTree = "<group>"; fileEncoding = undefined; lastKnownFileType = unknown; explicitFileType = undefined; includeInIndex = 0; };
		FC98A4AD638E4590A76482B3 /* Inter_24pt-MediumItalic.ttf */ = {isa = PBXFileReference; name = "Inter_24pt-MediumItalic.ttf"; path = "../src/Assets/Fonts/static/Inter_24pt-MediumItalic.ttf"; sourceTree = "<group>"; fileEncoding = undefined; lastKnownFileType = unknown; explicitFileType = undefined; includeInIndex = 0; };
		82251C68F35C42408B7244BF /* Inter_24pt-Regular.ttf */ = {isa = PBXFileReference; name = "Inter_24pt-Regular.ttf"; path = "../src/Assets/Fonts/static/Inter_24pt-Regular.ttf"; sourceTree = "<group>"; fileEncoding = undefined; lastKnownFileType = unknown; explicitFileType = undefined; includeInIndex = 0; };
		B777B67C99444824896B9AAF /* Inter_24pt-SemiBold.ttf */ = {isa = PBXFileReference; name = "Inter_24pt-SemiBold.ttf"; path = "../src/Assets/Fonts/static/Inter_24pt-SemiBold.ttf"; sourceTree = "<group>"; fileEncoding = undefined; lastKnownFileType = unknown; explicitFileType = undefined; includeInIndex = 0; };
		5BE7AFB0DEB64D57A5A0363B /* Inter_24pt-SemiBoldItalic.ttf */ = {isa = PBXFileReference; name = "Inter_24pt-SemiBoldItalic.ttf"; path = "../src/Assets/Fonts/static/Inter_24pt-SemiBoldItalic.ttf"; sourceTree = "<group>"; fileEncoding = undefined; lastKnownFileType = unknown; explicitFileType = undefined; includeInIndex = 0; };
		86DC1A632AA447B5A0F01B21 /* Inter_24pt-Thin.ttf */ = {isa = PBXFileReference; name = "Inter_24pt-Thin.ttf"; path = "../src/Assets/Fonts/static/Inter_24pt-Thin.ttf"; sourceTree = "<group>"; fileEncoding = undefined; lastKnownFileType = unknown; explicitFileType = undefined; includeInIndex = 0; };
		0C7B28F9211343C188EE41A5 /* Inter_24pt-ThinItalic.ttf */ = {isa = PBXFileReference; name = "Inter_24pt-ThinItalic.ttf"; path = "../src/Assets/Fonts/static/Inter_24pt-ThinItalic.ttf"; sourceTree = "<group>"; fileEncoding = undefined; lastKnownFileType = unknown; explicitFileType = undefined; includeInIndex = 0; };
		436DAA2D682840C88D3D67AC /* Inter_28pt-Black.ttf */ = {isa = PBXFileReference; name = "Inter_28pt-Black.ttf"; path = "../src/Assets/Fonts/static/Inter_28pt-Black.ttf"; sourceTree = "<group>"; fileEncoding = undefined; lastKnownFileType = unknown; explicitFileType = undefined; includeInIndex = 0; };
		4062D2B8FD4849948E508C1A /* Inter_28pt-BlackItalic.ttf */ = {isa = PBXFileReference; name = "Inter_28pt-BlackItalic.ttf"; path = "../src/Assets/Fonts/static/Inter_28pt-BlackItalic.ttf"; sourceTree = "<group>"; fileEncoding = undefined; lastKnownFileType = unknown; explicitFileType = undefined; includeInIndex = 0; };
		8380A63B4A924305A829AFBC /* Inter_28pt-Bold.ttf */ = {isa = PBXFileReference; name = "Inter_28pt-Bold.ttf"; path = "../src/Assets/Fonts/static/Inter_28pt-Bold.ttf"; sourceTree = "<group>"; fileEncoding = undefined; lastKnownFileType = unknown; explicitFileType = undefined; includeInIndex = 0; };
		E24F0AD5FCB640D58483609B /* Inter_28pt-BoldItalic.ttf */ = {isa = PBXFileReference; name = "Inter_28pt-BoldItalic.ttf"; path = "../src/Assets/Fonts/static/Inter_28pt-BoldItalic.ttf"; sourceTree = "<group>"; fileEncoding = undefined; lastKnownFileType = unknown; explicitFileType = undefined; includeInIndex = 0; };
		7D534723C8A64F4A9CDC9C5E /* Inter_28pt-ExtraBold.ttf */ = {isa = PBXFileReference; name = "Inter_28pt-ExtraBold.ttf"; path = "../src/Assets/Fonts/static/Inter_28pt-ExtraBold.ttf"; sourceTree = "<group>"; fileEncoding = undefined; lastKnownFileType = unknown; explicitFileType = undefined; includeInIndex = 0; };
		BEA2B2B655514FF7B324DD08 /* Inter_28pt-ExtraBoldItalic.ttf */ = {isa = PBXFileReference; name = "Inter_28pt-ExtraBoldItalic.ttf"; path = "../src/Assets/Fonts/static/Inter_28pt-ExtraBoldItalic.ttf"; sourceTree = "<group>"; fileEncoding = undefined; lastKnownFileType = unknown; explicitFileType = undefined; includeInIndex = 0; };
		1ADB4CFF2EFA47A4A4810D63 /* Inter_28pt-ExtraLight.ttf */ = {isa = PBXFileReference; name = "Inter_28pt-ExtraLight.ttf"; path = "../src/Assets/Fonts/static/Inter_28pt-ExtraLight.ttf"; sourceTree = "<group>"; fileEncoding = undefined; lastKnownFileType = unknown; explicitFileType = undefined; includeInIndex = 0; };
		1BC38DD4BABB4A71824555B0 /* Inter_28pt-ExtraLightItalic.ttf */ = {isa = PBXFileReference; name = "Inter_28pt-ExtraLightItalic.ttf"; path = "../src/Assets/Fonts/static/Inter_28pt-ExtraLightItalic.ttf"; sourceTree = "<group>"; fileEncoding = undefined; lastKnownFileType = unknown; explicitFileType = undefined; includeInIndex = 0; };
		3AA582751E4A4F38855BDB82 /* Inter_28pt-Italic.ttf */ = {isa = PBXFileReference; name = "Inter_28pt-Italic.ttf"; path = "../src/Assets/Fonts/static/Inter_28pt-Italic.ttf"; sourceTree = "<group>"; fileEncoding = undefined; lastKnownFileType = unknown; explicitFileType = undefined; includeInIndex = 0; };
		61DDF8B4A878452596EC89AF /* Inter_28pt-Light.ttf */ = {isa = PBXFileReference; name = "Inter_28pt-Light.ttf"; path = "../src/Assets/Fonts/static/Inter_28pt-Light.ttf"; sourceTree = "<group>"; fileEncoding = undefined; lastKnownFileType = unknown; explicitFileType = undefined; includeInIndex = 0; };
		52ED12833FCA465AB5CD1F4C /* Inter_28pt-LightItalic.ttf */ = {isa = PBXFileReference; name = "Inter_28pt-LightItalic.ttf"; path = "../src/Assets/Fonts/static/Inter_28pt-LightItalic.ttf"; sourceTree = "<group>"; fileEncoding = undefined; lastKnownFileType = unknown; explicitFileType = undefined; includeInIndex = 0; };
		E34615FB4B86451391680239 /* Inter_28pt-Medium.ttf */ = {isa = PBXFileReference; name = "Inter_28pt-Medium.ttf"; path = "../src/Assets/Fonts/static/Inter_28pt-Medium.ttf"; sourceTree = "<group>"; fileEncoding = undefined; lastKnownFileType = unknown; explicitFileType = undefined; includeInIndex = 0; };
		EC5C94212C9E497E91B4E55A /* Inter_28pt-MediumItalic.ttf */ = {isa = PBXFileReference; name = "Inter_28pt-MediumItalic.ttf"; path = "../src/Assets/Fonts/static/Inter_28pt-MediumItalic.ttf"; sourceTree = "<group>"; fileEncoding = undefined; lastKnownFileType = unknown; explicitFileType = undefined; includeInIndex = 0; };
		F3392E3D5EDF43E5B77EB4CD /* Inter_28pt-Regular.ttf */ = {isa = PBXFileReference; name = "Inter_28pt-Regular.ttf"; path = "../src/Assets/Fonts/static/Inter_28pt-Regular.ttf"; sourceTree = "<group>"; fileEncoding = undefined; lastKnownFileType = unknown; explicitFileType = undefined; includeInIndex = 0; };
		8753FC77696B49F0B77A0444 /* Inter_28pt-SemiBold.ttf */ = {isa = PBXFileReference; name = "Inter_28pt-SemiBold.ttf"; path = "../src/Assets/Fonts/static/Inter_28pt-SemiBold.ttf"; sourceTree = "<group>"; fileEncoding = undefined; lastKnownFileType = unknown; explicitFileType = undefined; includeInIndex = 0; };
		C81C3817E05F473897715A21 /* Inter_28pt-SemiBoldItalic.ttf */ = {isa = PBXFileReference; name = "Inter_28pt-SemiBoldItalic.ttf"; path = "../src/Assets/Fonts/static/Inter_28pt-SemiBoldItalic.ttf"; sourceTree = "<group>"; fileEncoding = undefined; lastKnownFileType = unknown; explicitFileType = undefined; includeInIndex = 0; };
		5D5F418557CF41648CCCC934 /* Inter_28pt-Thin.ttf */ = {isa = PBXFileReference; name = "Inter_28pt-Thin.ttf"; path = "../src/Assets/Fonts/static/Inter_28pt-Thin.ttf"; sourceTree = "<group>"; fileEncoding = undefined; lastKnownFileType = unknown; explicitFileType = undefined; includeInIndex = 0; };
		6BE961BC07CB4891B2D7B81B /* Inter_28pt-ThinItalic.ttf */ = {isa = PBXFileReference; name = "Inter_28pt-ThinItalic.ttf"; path = "../src/Assets/Fonts/static/Inter_28pt-ThinItalic.ttf"; sourceTree = "<group>"; fileEncoding = undefined; lastKnownFileType = unknown; explicitFileType = undefined; includeInIndex = 0; };
		8E525FB65B2848009824DE85 /* OonloopPrivacyPolicy.docx */ = {isa = PBXFileReference; name = "OonloopPrivacyPolicy.docx"; path = "../src/Assets/legal/OonloopPrivacyPolicy.docx"; sourceTree = "<group>"; fileEncoding = undefined; lastKnownFileType = unknown; explicitFileType = undefined; includeInIndex = 0; };
		C29FD75160534E878DE3CAF5 /* OonloopPrivacyPolicy1.pdf */ = {isa = PBXFileReference; name = "OonloopPrivacyPolicy1.pdf"; path = "../src/Assets/legal/OonloopPrivacyPolicy1.pdf"; sourceTree = "<group>"; fileEncoding = undefined; lastKnownFileType = unknown; explicitFileType = undefined; includeInIndex = 0; };
		5F04EB367EFC4E35A343C9CB /* OonloopTCFinal.docx */ = {isa = PBXFileReference; name = "OonloopTCFinal.docx"; path = "../src/Assets/legal/OonloopTCFinal.docx"; sourceTree = "<group>"; fileEncoding = undefined; lastKnownFileType = unknown; explicitFileType = undefined; includeInIndex = 0; };
		B1D2A20AF7704A94A11BCEB1 /* OonloopTCFinal1.pdf */ = {isa = PBXFileReference; name = "OonloopTCFinal1.pdf"; path = "../src/Assets/legal/OonloopTCFinal1.pdf"; sourceTree = "<group>"; fileEncoding = undefined; lastKnownFileType = unknown; explicitFileType = undefined; includeInIndex = 0; };
/* End PBXFileReference section */

/* Begin PBXFrameworksBuildPhase section */
		13B07F8C1A680F5B00A75B9A /* Frameworks */ = {
			isa = PBXFrameworksBuildPhase;
			buildActionMask = 2147483647;
			files = (
				0C80B921A6F3F58F76C31292 /* libPods-OonloopVendor.a in Frameworks */,
			);
			runOnlyForDeploymentPostprocessing = 0;
		};
/* End PBXFrameworksBuildPhase section */

/* Begin PBXGroup section */
		13B07FAE1A68108700A75B9A /* OonloopVendor */ = {
			isa = PBXGroup;
			children = (
				13B07FB51A68108700A75B9A /* Images.xcassets */,
				761780EC2CA45674006654EE /* AppDelegate.swift */,
				13B07FB61A68108700A75B9A /* Info.plist */,
				81AB9BB72411601600AC10FF /* LaunchScreen.storyboard */,
				13B07FB81A68108700A75B9A /* PrivacyInfo.xcprivacy */,
			);
			name = OonloopVendor;
			sourceTree = "<group>";
		};
		2D16E6871FA4F8E400B85C8A /* Frameworks */ = {
			isa = PBXGroup;
			children = (
				ED297162215061F000B7C4FE /* JavaScriptCore.framework */,
				5DCACB8F33CDC322A6C60F78 /* libPods-OonloopVendor.a */,
			);
			name = Frameworks;
			sourceTree = "<group>";
		};
		832341AE1AAA6A7D00B99B32 /* Libraries */ = {
			isa = PBXGroup;
			children = (
			);
			name = Libraries;
			sourceTree = "<group>";
		};
		83CBB9F61A601CBA00E9B192 = {
			isa = PBXGroup;
			children = (
				13B07FAE1A68108700A75B9A /* OonloopVendor */,
				832341AE1AAA6A7D00B99B32 /* Libraries */,
				83CBBA001A601CBA00E9B192 /* Products */,
				2D16E6871FA4F8E400B85C8A /* Frameworks */,
				BBD78D7AC51CEA395F1C20DB /* Pods */,
				68FA9B93077F471486D63E92 /* Resources */,
			);
			indentWidth = 2;
			sourceTree = "<group>";
			tabWidth = 2;
			usesTabs = 0;
		};
		83CBBA001A601CBA00E9B192 /* Products */ = {
			isa = PBXGroup;
			children = (
				13B07F961A680F5B00A75B9A /* OonloopVendor.app */,
			);
			name = Products;
			sourceTree = "<group>";
		};
		BBD78D7AC51CEA395F1C20DB /* Pods */ = {
			isa = PBXGroup;
			children = (
				3B4392A12AC88292D35C810B /* Pods-OonloopVendor.debug.xcconfig */,
				5709B34CF0A7D63546082F79 /* Pods-OonloopVendor.release.xcconfig */,
			);
			path = Pods;
			sourceTree = "<group>";
		};
		68FA9B93077F471486D63E92 /* Resources */ = {
			isa = "PBXGroup";
			children = (
				59F3FEF6B07D42A1AF54F61B /* Inter_18pt-Black.ttf */,
				A572E855A2A142BA82EF547B /* Inter_18pt-BlackItalic.ttf */,
				614506E38AEB46A6BFA0240A /* Inter_18pt-Bold.ttf */,
				061F604A22C34AC99A2FBC8F /* Inter_18pt-BoldItalic.ttf */,
				AD7966A05464475B8D5CED10 /* Inter_18pt-ExtraBold.ttf */,
				58B6E012F0B0455E84497AEF /* Inter_18pt-ExtraBoldItalic.ttf */,
				98BEF8254A13438BB4844DA4 /* Inter_18pt-ExtraLight.ttf */,
				567A23F1B92946388EFBA30D /* Inter_18pt-ExtraLightItalic.ttf */,
				9486A458D55E4411A71CF6EF /* Inter_18pt-Italic.ttf */,
				009845A570804A38AA2AA40E /* Inter_18pt-Light.ttf */,
				995DC5ADC09A4697A23F5A9F /* Inter_18pt-LightItalic.ttf */,
				7E0D092AB56F4989975053DD /* Inter_18pt-Medium.ttf */,
				A2F9A372CE8444DAB2C8B00E /* Inter_18pt-MediumItalic.ttf */,
				CA4CCE2738DE47EEA6D7038F /* Inter_18pt-Regular.ttf */,
				47B890B3C3E64D23A5917988 /* Inter_18pt-SemiBold.ttf */,
				0469F2CF89D54B56890A82AE /* Inter_18pt-SemiBoldItalic.ttf */,
				E0C4555A9CB24F62B1410BB4 /* Inter_18pt-Thin.ttf */,
				399E98C84D244F7CBA176B8E /* Inter_18pt-ThinItalic.ttf */,
				C6F315FA432C4D8083E42D28 /* Inter_24pt-Black.ttf */,
				F37A4451A6F14324A666F946 /* Inter_24pt-BlackItalic.ttf */,
				25BC0566607F454E9A9D4A1E /* Inter_24pt-Bold.ttf */,
				80049E65FF0B44A88F667DA8 /* Inter_24pt-BoldItalic.ttf */,
				7ECA694ADB894E25B6F13B2F /* Inter_24pt-ExtraBold.ttf */,
				19D658CFB4CC4377933B1F77 /* Inter_24pt-ExtraBoldItalic.ttf */,
				B1562148974C427D8952C4D4 /* Inter_24pt-ExtraLight.ttf */,
				8A48253866AD461198558B1B /* Inter_24pt-ExtraLightItalic.ttf */,
				DA19A3965F1348578F416AA6 /* Inter_24pt-Italic.ttf */,
				379C5D2C771744BABA8F3A89 /* Inter_24pt-Light.ttf */,
				2A662B130E8C4F8BAB15C3FE /* Inter_24pt-LightItalic.ttf */,
				240D0B619D824E07ACA9933B /* Inter_24pt-Medium.ttf */,
				FC98A4AD638E4590A76482B3 /* Inter_24pt-MediumItalic.ttf */,
				82251C68F35C42408B7244BF /* Inter_24pt-Regular.ttf */,
				B777B67C99444824896B9AAF /* Inter_24pt-SemiBold.ttf */,
				5BE7AFB0DEB64D57A5A0363B /* Inter_24pt-SemiBoldItalic.ttf */,
				86DC1A632AA447B5A0F01B21 /* Inter_24pt-Thin.ttf */,
				0C7B28F9211343C188EE41A5 /* Inter_24pt-ThinItalic.ttf */,
				436DAA2D682840C88D3D67AC /* Inter_28pt-Black.ttf */,
				4062D2B8FD4849948E508C1A /* Inter_28pt-BlackItalic.ttf */,
				8380A63B4A924305A829AFBC /* Inter_28pt-Bold.ttf */,
				E24F0AD5FCB640D58483609B /* Inter_28pt-BoldItalic.ttf */,
				7D534723C8A64F4A9CDC9C5E /* Inter_28pt-ExtraBold.ttf */,
				BEA2B2B655514FF7B324DD08 /* Inter_28pt-ExtraBoldItalic.ttf */,
				1ADB4CFF2EFA47A4A4810D63 /* Inter_28pt-ExtraLight.ttf */,
				1BC38DD4BABB4A71824555B0 /* Inter_28pt-ExtraLightItalic.ttf */,
				3AA582751E4A4F38855BDB82 /* Inter_28pt-Italic.ttf */,
				61DDF8B4A878452596EC89AF /* Inter_28pt-Light.ttf */,
				52ED12833FCA465AB5CD1F4C /* Inter_28pt-LightItalic.ttf */,
				E34615FB4B86451391680239 /* Inter_28pt-Medium.ttf */,
				EC5C94212C9E497E91B4E55A /* Inter_28pt-MediumItalic.ttf */,
				F3392E3D5EDF43E5B77EB4CD /* Inter_28pt-Regular.ttf */,
				8753FC77696B49F0B77A0444 /* Inter_28pt-SemiBold.ttf */,
				C81C3817E05F473897715A21 /* Inter_28pt-SemiBoldItalic.ttf */,
				5D5F418557CF41648CCCC934 /* Inter_28pt-Thin.ttf */,
				6BE961BC07CB4891B2D7B81B /* Inter_28pt-ThinItalic.ttf */,
				8E525FB65B2848009824DE85 /* OonloopPrivacyPolicy.docx */,
				C29FD75160534E878DE3CAF5 /* OonloopPrivacyPolicy1.pdf */,
				5F04EB367EFC4E35A343C9CB /* OonloopTCFinal.docx */,
				B1D2A20AF7704A94A11BCEB1 /* OonloopTCFinal1.pdf */,
			);
			name = Resources;
			sourceTree = "<group>";
			path = "";
		};
/* End PBXGroup section */

/* Begin PBXNativeTarget section */
		13B07F861A680F5B00A75B9A /* OonloopVendor */ = {
			isa = PBXNativeTarget;
			buildConfigurationList = 13B07F931A680F5B00A75B9A /* Build configuration list for PBXNativeTarget "OonloopVendor" */;
			buildPhases = (
				C38B50BA6285516D6DCD4F65 /* [CP] Check Pods Manifest.lock */,
				13B07F871A680F5B00A75B9A /* Sources */,
				13B07F8C1A680F5B00A75B9A /* Frameworks */,
				13B07F8E1A680F5B00A75B9A /* Resources */,
				00DD1BFF1BD5951E006B06BC /* Bundle React Native code and images */,
				00EEFC60759A1932668264C0 /* [CP] Embed Pods Frameworks */,
				E235C05ADACE081382539298 /* [CP] Copy Pods Resources */,
			);
			buildRules = (
			);
			dependencies = (
			);
			name = OonloopVendor;
			productName = OonloopVendor;
			productReference = 13B07F961A680F5B00A75B9A /* OonloopVendor.app */;
			productType = "com.apple.product-type.application";
		};
/* End PBXNativeTarget section */

/* Begin PBXProject section */
		83CBB9F71A601CBA00E9B192 /* Project object */ = {
			isa = PBXProject;
			attributes = {
				LastUpgradeCheck = 1210;
				TargetAttributes = {
					13B07F861A680F5B00A75B9A = {
						LastSwiftMigration = 1120;
					};
				};
			};
			buildConfigurationList = 83CBB9FA1A601CBA00E9B192 /* Build configuration list for PBXProject "OonloopVendor" */;
			compatibilityVersion = "Xcode 12.0";
			developmentRegion = en;
			hasScannedForEncodings = 0;
			knownRegions = (
				en,
				Base,
			);
			mainGroup = 83CBB9F61A601CBA00E9B192;
			productRefGroup = 83CBBA001A601CBA00E9B192 /* Products */;
			projectDirPath = "";
			projectRoot = "";
			targets = (
				13B07F861A680F5B00A75B9A /* OonloopVendor */,
			);
		};
/* End PBXProject section */

/* Begin PBXResourcesBuildPhase section */
		13B07F8E1A680F5B00A75B9A /* Resources */ = {
			isa = PBXResourcesBuildPhase;
			buildActionMask = 2147483647;
			files = (
				81AB9BB82411601600AC10FF /* LaunchScreen.storyboard in Resources */,
				13B07FBF1A68108700A75B9A /* Images.xcassets in Resources */,
				3348104ABF0047E7AFFEF7C9 /* Inter_18pt-Black.ttf in Resources */,
				E6BD6E97DF914499A327EFA8 /* Inter_18pt-BlackItalic.ttf in Resources */,
				B6024415FAD74325B9A40B33 /* Inter_18pt-Bold.ttf in Resources */,
				01F1CCAB05B4445FB1B325DF /* Inter_18pt-BoldItalic.ttf in Resources */,
				9258222733A2409E975291E9 /* Inter_18pt-ExtraBold.ttf in Resources */,
				F187FF52BDBA456CB239FDC5 /* Inter_18pt-ExtraBoldItalic.ttf in Resources */,
				78BC02B8455D48F9BEFEB453 /* Inter_18pt-ExtraLight.ttf in Resources */,
				2820F5D199854089A51F210C /* Inter_18pt-ExtraLightItalic.ttf in Resources */,
				5811BAB0F2CE40B0822F0225 /* Inter_18pt-Italic.ttf in Resources */,
				6F068608260B40EAB4331062 /* Inter_18pt-Light.ttf in Resources */,
				6139202BCCCB414BA75C813C /* Inter_18pt-LightItalic.ttf in Resources */,
				327797FFF4AA45A9B9DD1F63 /* Inter_18pt-Medium.ttf in Resources */,
				0F6892785F3A45BC961B315F /* Inter_18pt-MediumItalic.ttf in Resources */,
				F90C548A43534CAFB6E695CC /* Inter_18pt-Regular.ttf in Resources */,
				41D649BAC6FE40D3A03643FD /* Inter_18pt-SemiBold.ttf in Resources */,
				09A353F3356A4970AB8506F8 /* Inter_18pt-SemiBoldItalic.ttf in Resources */,
				A481DB7AB25C49DFA9C91C63 /* Inter_18pt-Thin.ttf in Resources */,
				837EFA1AA6C34F0380263C06 /* Inter_18pt-ThinItalic.ttf in Resources */,
				360EF9A8766449E794D2BE36 /* Inter_24pt-Black.ttf in Resources */,
				DBB414D7753D4655AE493F9E /* Inter_24pt-BlackItalic.ttf in Resources */,
				AAE04793274840DBA6820F6A /* Inter_24pt-Bold.ttf in Resources */,
				82C8036DCD0A44CBAA10F109 /* Inter_24pt-BoldItalic.ttf in Resources */,
				69239FE2148843ADB40C3FED /* Inter_24pt-ExtraBold.ttf in Resources */,
				0DC4CAA3126A4D63953A620C /* Inter_24pt-ExtraBoldItalic.ttf in Resources */,
				4213324D9F4748888D789F58 /* Inter_24pt-ExtraLight.ttf in Resources */,
				EE90C911D5C74F68BD576618 /* Inter_24pt-ExtraLightItalic.ttf in Resources */,
				E96C616EB9FF48219D31F156 /* Inter_24pt-Italic.ttf in Resources */,
				4E11C764790E43859AC21227 /* Inter_24pt-Light.ttf in Resources */,
				24AAF0B409D4432DA79CCD5D /* Inter_24pt-LightItalic.ttf in Resources */,
				3890E6B3A0A04CE49C0DDE61 /* Inter_24pt-Medium.ttf in Resources */,
				7969CE9C992F45F4AD1C9719 /* Inter_24pt-MediumItalic.ttf in Resources */,
				C22E5B8C8CE346EBB48AD337 /* Inter_24pt-Regular.ttf in Resources */,
				7F0ED26D4608419286EB16F3 /* Inter_24pt-SemiBold.ttf in Resources */,
				142CEEA9A5F64B40817D3767 /* Inter_24pt-SemiBoldItalic.ttf in Resources */,
				764FAA7BD926426B863809E6 /* Inter_24pt-Thin.ttf in Resources */,
				AA62CA46C130490F94306E8A /* Inter_24pt-ThinItalic.ttf in Resources */,
				AA5030EDE1EE4EB7BBAB392C /* Inter_28pt-Black.ttf in Resources */,
				D0481B72D0EB43A89FBEEC7B /* Inter_28pt-BlackItalic.ttf in Resources */,
				B50D9DE697964EED9B3DFF0C /* Inter_28pt-Bold.ttf in Resources */,
				798B2A71D43E4C23BF14D05F /* Inter_28pt-BoldItalic.ttf in Resources */,
				2AF74AD0E83B4A42A4FDDCF7 /* Inter_28pt-ExtraBold.ttf in Resources */,
				9EE704B5EBE34B22A18EFD33 /* Inter_28pt-ExtraBoldItalic.ttf in Resources */,
				A094A63C6A8B4C41BF68841B /* Inter_28pt-ExtraLight.ttf in Resources */,
				509D6DF81FA84E3E91F93E6B /* Inter_28pt-ExtraLightItalic.ttf in Resources */,
				9EA66C6AA87D4F558D9C7178 /* Inter_28pt-Italic.ttf in Resources */,
				6064293DBFF3409597BB0128 /* Inter_28pt-Light.ttf in Resources */,
				C01E744AB8DF4893B60E60AF /* Inter_28pt-LightItalic.ttf in Resources */,
				24D4EBCB3511414B82574C9C /* Inter_28pt-Medium.ttf in Resources */,
				D9B95935D9654BA5A035E6DC /* Inter_28pt-MediumItalic.ttf in Resources */,
				67C0F112D93145EEADB128CC /* Inter_28pt-Regular.ttf in Resources */,
				5CEEBCE5B7E347FFBB1D2647 /* Inter_28pt-SemiBold.ttf in Resources */,
				280F53886EF14A22A40D6306 /* Inter_28pt-SemiBoldItalic.ttf in Resources */,
				C26CEEE18D064E1DBBBC35CB /* Inter_28pt-Thin.ttf in Resources */,
				C849344A01C04947A204074B /* Inter_28pt-ThinItalic.ttf in Resources */,
				CB392E15D75A4081B46A6605 /* OonloopPrivacyPolicy.docx in Resources */,
				9D951E2EB74843F6A2522113 /* OonloopPrivacyPolicy1.pdf in Resources */,
				A9AE18D007B84713BD21B204 /* OonloopTCFinal.docx in Resources */,
				FB7A6EFC993C4ECBB2931198 /* OonloopTCFinal1.pdf in Resources */,
			);
			runOnlyForDeploymentPostprocessing = 0;
		};
/* End PBXResourcesBuildPhase section */

/* Begin PBXShellScriptBuildPhase section */
		00DD1BFF1BD5951E006B06BC /* Bundle React Native code and images */ = {
			isa = PBXShellScriptBuildPhase;
			buildActionMask = 2147483647;
			files = (
			);
			inputPaths = (
				"$(SRCROOT)/.xcode.env.local",
				"$(SRCROOT)/.xcode.env",
			);
			name = "Bundle React Native code and images";
			outputPaths = (
			);
			runOnlyForDeploymentPostprocessing = 0;
			shellPath = /bin/sh;
			shellScript = "set -e\n\nWITH_ENVIRONMENT=\"$REACT_NATIVE_PATH/scripts/xcode/with-environment.sh\"\nREACT_NATIVE_XCODE=\"$REACT_NATIVE_PATH/scripts/react-native-xcode.sh\"\n\n/bin/sh -c \"\\\"$WITH_ENVIRONMENT\\\" \\\"$REACT_NATIVE_XCODE\\\"\"\n";
		};
		00EEFC60759A1932668264C0 /* [CP] Embed Pods Frameworks */ = {
			isa = PBXShellScriptBuildPhase;
			buildActionMask = 2147483647;
			files = (
			);
			inputFileListPaths = (
				"${PODS_ROOT}/Target Support Files/Pods-OonloopVendor/Pods-OonloopVendor-frameworks-${CONFIGURATION}-input-files.xcfilelist",
			);
			name = "[CP] Embed Pods Frameworks";
			outputFileListPaths = (
				"${PODS_ROOT}/Target Support Files/Pods-OonloopVendor/Pods-OonloopVendor-frameworks-${CONFIGURATION}-output-files.xcfilelist",
			);
			runOnlyForDeploymentPostprocessing = 0;
			shellPath = /bin/sh;
			shellScript = "\"${PODS_ROOT}/Target Support Files/Pods-OonloopVendor/Pods-OonloopVendor-frameworks.sh\"\n";
			showEnvVarsInLog = 0;
		};
		C38B50BA6285516D6DCD4F65 /* [CP] Check Pods Manifest.lock */ = {
			isa = PBXShellScriptBuildPhase;
			buildActionMask = 2147483647;
			files = (
			);
			inputFileListPaths = (
			);
			inputPaths = (
				"${PODS_PODFILE_DIR_PATH}/Podfile.lock",
				"${PODS_ROOT}/Manifest.lock",
			);
			name = "[CP] Check Pods Manifest.lock";
			outputFileListPaths = (
			);
			outputPaths = (
				"$(DERIVED_FILE_DIR)/Pods-OonloopVendor-checkManifestLockResult.txt",
			);
			runOnlyForDeploymentPostprocessing = 0;
			shellPath = /bin/sh;
			shellScript = "diff \"${PODS_PODFILE_DIR_PATH}/Podfile.lock\" \"${PODS_ROOT}/Manifest.lock\" > /dev/null\nif [ $? != 0 ] ; then\n    # print error to STDERR\n    echo \"error: The sandbox is not in sync with the Podfile.lock. Run 'pod install' or update your CocoaPods installation.\" >&2\n    exit 1\nfi\n# This output is used by Xcode 'outputs' to avoid re-running this script phase.\necho \"SUCCESS\" > \"${SCRIPT_OUTPUT_FILE_0}\"\n";
			showEnvVarsInLog = 0;
		};
		E235C05ADACE081382539298 /* [CP] Copy Pods Resources */ = {
			isa = PBXShellScriptBuildPhase;
			buildActionMask = 2147483647;
			files = (
			);
			inputFileListPaths = (
				"${PODS_ROOT}/Target Support Files/Pods-OonloopVendor/Pods-OonloopVendor-resources-${CONFIGURATION}-input-files.xcfilelist",
			);
			name = "[CP] Copy Pods Resources";
			outputFileListPaths = (
				"${PODS_ROOT}/Target Support Files/Pods-OonloopVendor/Pods-OonloopVendor-resources-${CONFIGURATION}-output-files.xcfilelist",
			);
			runOnlyForDeploymentPostprocessing = 0;
			shellPath = /bin/sh;
			shellScript = "\"${PODS_ROOT}/Target Support Files/Pods-OonloopVendor/Pods-OonloopVendor-resources.sh\"\n";
			showEnvVarsInLog = 0;
		};
/* End PBXShellScriptBuildPhase section */

/* Begin PBXSourcesBuildPhase section */
		13B07F871A680F5B00A75B9A /* Sources */ = {
			isa = PBXSourcesBuildPhase;
			buildActionMask = 2147483647;
			files = (
				761780ED2CA45674006654EE /* AppDelegate.swift in Sources */,
			);
			runOnlyForDeploymentPostprocessing = 0;
		};
/* End PBXSourcesBuildPhase section */

/* Begin XCBuildConfiguration section */
		13B07F941A680F5B00A75B9A /* Debug */ = {
			isa = XCBuildConfiguration;
			baseConfigurationReference = 3B4392A12AC88292D35C810B /* Pods-OonloopVendor.debug.xcconfig */;
			buildSettings = {
				ASSETCATALOG_COMPILER_APPICON_NAME = AppIcon;
				CLANG_ENABLE_MODULES = YES;
				CURRENT_PROJECT_VERSION = 1;
				ENABLE_BITCODE = NO;
				INFOPLIST_FILE = OonloopVendor/Info.plist;
				IPHONEOS_DEPLOYMENT_TARGET = 15.1;
				LD_RUNPATH_SEARCH_PATHS = (
					"$(inherited)",
					"@executable_path/Frameworks",
				);
				MARKETING_VERSION = 1.0;
				OTHER_LDFLAGS = (
					"$(inherited)",
					"-ObjC",
					"-lc++",
				);
				PRODUCT_BUNDLE_IDENTIFIER = "org.reactjs.native.example.$(PRODUCT_NAME:rfc1034identifier)";
				PRODUCT_NAME = OonloopVendor;
				SUPPORTED_PLATFORMS = "iphoneos iphonesimulator";
				SWIFT_OPTIMIZATION_LEVEL = "-Onone";
				SWIFT_VERSION = 5.0;
				TARGETED_DEVICE_FAMILY = "1,2";
				VERSIONING_SYSTEM = "apple-generic";
			};
			name = Debug;
		};
		13B07F951A680F5B00A75B9A /* Release */ = {
			isa = XCBuildConfiguration;
			baseConfigurationReference = 5709B34CF0A7D63546082F79 /* Pods-OonloopVendor.release.xcconfig */;
			buildSettings = {
				ASSETCATALOG_COMPILER_APPICON_NAME = AppIcon;
				CLANG_ENABLE_MODULES = YES;
				CURRENT_PROJECT_VERSION = 1;
				INFOPLIST_FILE = OonloopVendor/Info.plist;
				IPHONEOS_DEPLOYMENT_TARGET = 15.1;
				LD_RUNPATH_SEARCH_PATHS = (
					"$(inherited)",
					"@executable_path/Frameworks",
				);
				MARKETING_VERSION = 1.0;
				OTHER_LDFLAGS = (
					"$(inherited)",
					"-ObjC",
					"-lc++",
				);
				PRODUCT_BUNDLE_IDENTIFIER = "org.reactjs.native.example.$(PRODUCT_NAME:rfc1034identifier)";
				PRODUCT_NAME = OonloopVendor;
				SUPPORTED_PLATFORMS = "iphoneos iphonesimulator";
				SWIFT_VERSION = 5.0;
				TARGETED_DEVICE_FAMILY = "1,2";
				VERSIONING_SYSTEM = "apple-generic";
			};
			name = Release;
		};
		83CBBA201A601CBA00E9B192 /* Debug */ = {
			isa = XCBuildConfiguration;
			buildSettings = {
				ALWAYS_SEARCH_USER_PATHS = NO;
				CLANG_ANALYZER_LOCALIZABILITY_NONLOCALIZED = YES;
				CLANG_CXX_LANGUAGE_STANDARD = "c++20";
				CLANG_CXX_LIBRARY = "libc++";
				CLANG_ENABLE_MODULES = YES;
				CLANG_ENABLE_OBJC_ARC = YES;
				CLANG_WARN_BLOCK_CAPTURE_AUTORELEASING = YES;
				CLANG_WARN_BOOL_CONVERSION = YES;
				CLANG_WARN_COMMA = YES;
				CLANG_WARN_CONSTANT_CONVERSION = YES;
				CLANG_WARN_DEPRECATED_OBJC_IMPLEMENTATIONS = YES;
				CLANG_WARN_DIRECT_OBJC_ISA_USAGE = YES_ERROR;
				CLANG_WARN_EMPTY_BODY = YES;
				CLANG_WARN_ENUM_CONVERSION = YES;
				CLANG_WARN_INFINITE_RECURSION = YES;
				CLANG_WARN_INT_CONVERSION = YES;
				CLANG_WARN_NON_LITERAL_NULL_CONVERSION = YES;
				CLANG_WARN_OBJC_IMPLICIT_RETAIN_SELF = YES;
				CLANG_WARN_OBJC_LITERAL_CONVERSION = YES;
				CLANG_WARN_OBJC_ROOT_CLASS = YES_ERROR;
				CLANG_WARN_QUOTED_INCLUDE_IN_FRAMEWORK_HEADER = YES;
				CLANG_WARN_RANGE_LOOP_ANALYSIS = YES;
				CLANG_WARN_STRICT_PROTOTYPES = YES;
				CLANG_WARN_SUSPICIOUS_MOVE = YES;
				CLANG_WARN_UNREACHABLE_CODE = YES;
				CLANG_WARN__DUPLICATE_METHOD_MATCH = YES;
				"CODE_SIGN_IDENTITY[sdk=iphoneos*]" = "iPhone Developer";
				COPY_PHASE_STRIP = NO;
				ENABLE_STRICT_OBJC_MSGSEND = YES;
				ENABLE_TESTABILITY = YES;
				"EXCLUDED_ARCHS[sdk=iphonesimulator*]" = "";
				GCC_C_LANGUAGE_STANDARD = gnu99;
				GCC_DYNAMIC_NO_PIC = NO;
				GCC_NO_COMMON_BLOCKS = YES;
				GCC_OPTIMIZATION_LEVEL = 0;
				GCC_PREPROCESSOR_DEFINITIONS = (
					"DEBUG=1",
					"$(inherited)",
				);
				GCC_SYMBOLS_PRIVATE_EXTERN = NO;
				GCC_WARN_64_TO_32_BIT_CONVERSION = YES;
				GCC_WARN_ABOUT_RETURN_TYPE = YES_ERROR;
				GCC_WARN_UNDECLARED_SELECTOR = YES;
				GCC_WARN_UNINITIALIZED_AUTOS = YES_AGGRESSIVE;
				GCC_WARN_UNUSED_FUNCTION = YES;
				GCC_WARN_UNUSED_VARIABLE = YES;
				IPHONEOS_DEPLOYMENT_TARGET = 15.1;
				LD_RUNPATH_SEARCH_PATHS = (
					/usr/lib/swift,
					"$(inherited)",
				);
				LIBRARY_SEARCH_PATHS = (
					"\"$(SDKROOT)/usr/lib/swift\"",
					"\"$(TOOLCHAIN_DIR)/usr/lib/swift/$(PLATFORM_NAME)\"",
					"\"$(inherited)\"",
				);
				MTL_ENABLE_DEBUG_INFO = YES;
				ONLY_ACTIVE_ARCH = YES;
				OTHER_CPLUSPLUSFLAGS = (
					"$(OTHER_CFLAGS)",
					"-DFOLLY_NO_CONFIG",
					"-DFOLLY_MOBILE=1",
					"-DFOLLY_USE_LIBCPP=1",
					"-DFOLLY_CFG_NO_COROUTINES=1",
					"-DFOLLY_HAVE_CLOCK_GETTIME=1",
				);
				SDKROOT = iphoneos;
			};
			name = Debug;
		};
		83CBBA211A601CBA00E9B192 /* Release */ = {
			isa = XCBuildConfiguration;
			buildSettings = {
				ALWAYS_SEARCH_USER_PATHS = NO;
				CLANG_ANALYZER_LOCALIZABILITY_NONLOCALIZED = YES;
				CLANG_CXX_LANGUAGE_STANDARD = "c++20";
				CLANG_CXX_LIBRARY = "libc++";
				CLANG_ENABLE_MODULES = YES;
				CLANG_ENABLE_OBJC_ARC = YES;
				CLANG_WARN_BLOCK_CAPTURE_AUTORELEASING = YES;
				CLANG_WARN_BOOL_CONVERSION = YES;
				CLANG_WARN_COMMA = YES;
				CLANG_WARN_CONSTANT_CONVERSION = YES;
				CLANG_WARN_DEPRECATED_OBJC_IMPLEMENTATIONS = YES;
				CLANG_WARN_DIRECT_OBJC_ISA_USAGE = YES_ERROR;
				CLANG_WARN_EMPTY_BODY = YES;
				CLANG_WARN_ENUM_CONVERSION = YES;
				CLANG_WARN_INFINITE_RECURSION = YES;
				CLANG_WARN_INT_CONVERSION = YES;
				CLANG_WARN_NON_LITERAL_NULL_CONVERSION = YES;
				CLANG_WARN_OBJC_IMPLICIT_RETAIN_SELF = YES;
				CLANG_WARN_OBJC_LITERAL_CONVERSION = YES;
				CLANG_WARN_OBJC_ROOT_CLASS = YES_ERROR;
				CLANG_WARN_QUOTED_INCLUDE_IN_FRAMEWORK_HEADER = YES;
				CLANG_WARN_RANGE_LOOP_ANALYSIS = YES;
				CLANG_WARN_STRICT_PROTOTYPES = YES;
				CLANG_WARN_SUSPICIOUS_MOVE = YES;
				CLANG_WARN_UNREACHABLE_CODE = YES;
				CLANG_WARN__DUPLICATE_METHOD_MATCH = YES;
				"CODE_SIGN_IDENTITY[sdk=iphoneos*]" = "iPhone Developer";
				COPY_PHASE_STRIP = YES;
				ENABLE_NS_ASSERTIONS = NO;
				ENABLE_STRICT_OBJC_MSGSEND = YES;
				"EXCLUDED_ARCHS[sdk=iphonesimulator*]" = "";
				GCC_C_LANGUAGE_STANDARD = gnu99;
				GCC_NO_COMMON_BLOCKS = YES;
				GCC_WARN_64_TO_32_BIT_CONVERSION = YES;
				GCC_WARN_ABOUT_RETURN_TYPE = YES_ERROR;
				GCC_WARN_UNDECLARED_SELECTOR = YES;
				GCC_WARN_UNINITIALIZED_AUTOS = YES_AGGRESSIVE;
				GCC_WARN_UNUSED_FUNCTION = YES;
				GCC_WARN_UNUSED_VARIABLE = YES;
				IPHONEOS_DEPLOYMENT_TARGET = 15.1;
				LD_RUNPATH_SEARCH_PATHS = (
					/usr/lib/swift,
					"$(inherited)",
				);
				LIBRARY_SEARCH_PATHS = (
					"\"$(SDKROOT)/usr/lib/swift\"",
					"\"$(TOOLCHAIN_DIR)/usr/lib/swift/$(PLATFORM_NAME)\"",
					"\"$(inherited)\"",
				);
				MTL_ENABLE_DEBUG_INFO = NO;
				OTHER_CPLUSPLUSFLAGS = (
					"$(OTHER_CFLAGS)",
					"-DFOLLY_NO_CONFIG",
					"-DFOLLY_MOBILE=1",
					"-DFOLLY_USE_LIBCPP=1",
					"-DFOLLY_CFG_NO_COROUTINES=1",
					"-DFOLLY_HAVE_CLOCK_GETTIME=1",
				);
				SDKROOT = iphoneos;
				VALIDATE_PRODUCT = YES;
			};
			name = Release;
		};
/* End XCBuildConfiguration section */

/* Begin XCConfigurationList section */
		13B07F931A680F5B00A75B9A /* Build configuration list for PBXNativeTarget "OonloopVendor" */ = {
			isa = XCConfigurationList;
			buildConfigurations = (
				13B07F941A680F5B00A75B9A /* Debug */,
				13B07F951A680F5B00A75B9A /* Release */,
			);
			defaultConfigurationIsVisible = 0;
			defaultConfigurationName = Release;
		};
		83CBB9FA1A601CBA00E9B192 /* Build configuration list for PBXProject "OonloopVendor" */ = {
			isa = XCConfigurationList;
			buildConfigurations = (
				83CBBA201A601CBA00E9B192 /* Debug */,
				83CBBA211A601CBA00E9B192 /* Release */,
			);
			defaultConfigurationIsVisible = 0;
			defaultConfigurationName = Release;
		};
/* End XCConfigurationList section */
	};
	rootObject = 83CBB9F71A601CBA00E9B192 /* Project object */;
}
